
Microsoft Visual Studio Solution File, Format Version 12.00
# Visual Studio Version 17
VisualStudioVersion = 17.6.33829.357
MinimumVisualStudioVersion = 10.0.40219.1
Project("{FAE04EC0-301F-11D3-BF4B-00C04F79EFBC}") = "KT.Sandbox.InternalClock", "KT.Sandbox.InternalClock\KT.Sandbox.InternalClock.csproj", "{A2F68B99-FBFB-4566-BB83-640CC6E8F66A}"
EndProject
Project("{FAE04EC0-301F-11D3-BF4B-00C04F79EFBC}") = "ExampleApp", "ExampleApp\ExampleApp.csproj", "{83A868BA-3AB1-4E87-A4CC-725A9F72E900}"
EndProject
Global
	GlobalSection(SolutionConfigurationPlatforms) = preSolution
		Debug|Any CPU = Debug|Any CPU
		Release|Any CPU = Release|Any CPU
	EndGlobalSection
	GlobalSection(ProjectConfigurationPlatforms) = postSolution
		{A2F68B99-FBFB-4566-BB83-640CC6E8F66A}.Debug|Any CPU.ActiveCfg = Debug|Any CPU
		{A2F68B99-FBFB-4566-BB83-640CC6E8F66A}.Debug|Any CPU.Build.0 = Debug|Any CPU
		{A2F68B99-FBFB-4566-BB83-640CC6E8F66A}.Release|Any CPU.ActiveCfg = Release|Any CPU
		{A2F68B99-FBFB-4566-BB83-640CC6E8F66A}.Release|Any CPU.Build.0 = Release|Any CPU
		{83A868BA-3AB1-4E87-A4CC-725A9F72E900}.Debug|Any CPU.ActiveCfg = Debug|Any CPU
		{83A868BA-3AB1-4E87-A4CC-725A9F72E900}.Debug|Any CPU.Build.0 = Debug|Any CPU
		{83A868BA-3AB1-4E87-A4CC-725A9F72E900}.Release|Any CPU.ActiveCfg = Release|Any CPU
		{83A868BA-3AB1-4E87-A4CC-725A9F72E900}.Release|Any CPU.Build.0 = Release|Any CPU
	EndGlobalSection
	GlobalSection(SolutionProperties) = preSolution
		HideSolutionNode = FALSE
	EndGlobalSection
	GlobalSection(ExtensibilityGlobals) = postSolution
		SolutionGuid = {A578831A-BFFE-4598-B1F5-D300E1921723}
	EndGlobalSection
EndGlobal
